
Microsoft Visual Studio Solution File, Format Version 12.00
# Visual Studio 15
VisualStudioVersion = 15.0.27130.2036
MinimumVisualStudioVersion = 10.0.40219.1
Project("{FAE04EC0-301F-11D3-BF4B-00C04F79EFBC}") = "LedMatrix.Client", "LedMatrix.Client\LedMatrix.Client.csproj", "{13047F98-5185-40BF-8170-DCF08818309F}"
EndProject
Project("{2150E333-8FDC-42A3-9474-1A3956D46DE8}") = "LedMatrix.Arduino", "LedMatrix.Arduino", "{08D8EE54-D55E-4DB1-9241-A52674B646EE}"
	ProjectSection(SolutionItems) = preProject
		LedMatrix.Arduino\led_matrix_r1\led_matrix_r1.ino = LedMatrix.Arduino\led_matrix_r1\led_matrix_r1.ino
	EndProjectSection
EndProject
Global
	GlobalSection(SolutionConfigurationPlatforms) = preSolution
		Debug|Any CPU = Debug|Any CPU
		Release|Any CPU = Release|Any CPU
	EndGlobalSection
	GlobalSection(ProjectConfigurationPlatforms) = postSolution
		{13047F98-5185-40BF-8170-DCF08818309F}.Debug|Any CPU.ActiveCfg = Debug|Any CPU
		{13047F98-5185-40BF-8170-DCF08818309F}.Debug|Any CPU.Build.0 = Debug|Any CPU
		{13047F98-5185-40BF-8170-DCF08818309F}.Release|Any CPU.ActiveCfg = Release|Any CPU
		{13047F98-5185-40BF-8170-DCF08818309F}.Release|Any CPU.Build.0 = Release|Any CPU
	EndGlobalSection
	GlobalSection(SolutionProperties) = preSolution
		HideSolutionNode = FALSE
	EndGlobalSection
	GlobalSection(ExtensibilityGlobals) = postSolution
		SolutionGuid = {74B7A155-C840-4F52-8F7F-DF045E36BBE7}
	EndGlobalSection
EndGlobal
